
Microsoft Visual Studio Solution File, Format Version 12.00
# Visual Studio Version 17
VisualStudioVersion = 17.8.34408.163
MinimumVisualStudioVersion = 10.0.40219.1
Project("{9A19103F-16F7-4668-BE54-9A1E7A4F7556}") = "GrantManagementSystem", "Grant Management System\GrantManagementSystem.csproj", "{6E89F422-8954-490E-8BD0-BB5E1AEAC3B1}"
EndProject
Global
	GlobalSection(SolutionConfigurationPlatforms) = preSolution
		Debug|Any CPU = Debug|Any CPU
		Release|Any CPU = Release|Any CPU
	EndGlobalSection
	GlobalSection(ProjectConfigurationPlatforms) = postSolution
		{6E89F422-8954-490E-8BD0-BB5E1AEAC3B1}.Debug|Any CPU.ActiveCfg = Debug|Any CPU
		{6E89F422-8954-490E-8BD0-BB5E1AEAC3B1}.Debug|Any CPU.Build.0 = Debug|Any CPU
		{6E89F422-8954-490E-8BD0-BB5E1AEAC3B1}.Release|Any CPU.ActiveCfg = Release|Any CPU
		{6E89F422-8954-490E-8BD0-BB5E1AEAC3B1}.Release|Any CPU.Build.0 = Release|Any CPU
	EndGlobalSection
	GlobalSection(SolutionProperties) = preSolution
		HideSolutionNode = FALSE
	EndGlobalSection
	GlobalSection(ExtensibilityGlobals) = postSolution
		SolutionGuid = {1B0E859F-341C-43FA-A8D1-803B680C114C}
	EndGlobalSection
EndGlobal
